<?xml version="1.0" encoding="UTF-8" standalone="yes" ?>
<CodeBlocks_project_file>
   <FileVersion major="1" minor="6" />
   <Project>
      <Option title="adservice" />
      <Option makefile_is_custom="1" />
      <Option compiler="gcc" />
      <Option virtualFolders="CMake Files\;" />
      <Build>
      <Target title="all">
         <Option working_dir="/Users/guoze.lin/Workspace/guoze.lin/MtCoreNginx/src/adservice/build-adservice-Desktop-Default" />
         <Option type="4" />
         <MakeCommands>
            <Build command="/usr/bin/make -f &quot;/Users/guoze.lin/Workspace/guoze.lin/MtCoreNginx/src/adservice/build-adservice-Desktop-Default/Makefile&quot;  VERBOSE=1 all" />
            <CompileFile command="/usr/bin/make -f &quot;/Users/guoze.lin/Workspace/guoze.lin/MtCoreNginx/src/adservice/build-adservice-Desktop-Default/Makefile&quot;  VERBOSE=1 &quot;$file&quot;" />
            <Clean command="/usr/bin/make -f &quot;/Users/guoze.lin/Workspace/guoze.lin/MtCoreNginx/src/adservice/build-adservice-Desktop-Default/Makefile&quot;  VERBOSE=1 clean" />
            <DistClean command="/usr/bin/make -f &quot;/Users/guoze.lin/Workspace/guoze.lin/MtCoreNginx/src/adservice/build-adservice-Desktop-Default/Makefile&quot;  VERBOSE=1 clean" />
         </MakeCommands>
      </Target>
      <Target title="edit_cache">
         <Option working_dir="/Users/guoze.lin/Workspace/guoze.lin/MtCoreNginx/src/adservice/build-adservice-Desktop-Default" />
         <Option type="4" />
         <MakeCommands>
            <Build command="/usr/bin/make -f &quot;/Users/guoze.lin/Workspace/guoze.lin/MtCoreNginx/src/adservice/build-adservice-Desktop-Default/Makefile&quot;  VERBOSE=1 edit_cache" />
            <CompileFile command="/usr/bin/make -f &quot;/Users/guoze.lin/Workspace/guoze.lin/MtCoreNginx/src/adservice/build-adservice-Desktop-Default/Makefile&quot;  VERBOSE=1 &quot;$file&quot;" />
            <Clean command="/usr/bin/make -f &quot;/Users/guoze.lin/Workspace/guoze.lin/MtCoreNginx/src/adservice/build-adservice-Desktop-Default/Makefile&quot;  VERBOSE=1 clean" />
            <DistClean command="/usr/bin/make -f &quot;/Users/guoze.lin/Workspace/guoze.lin/MtCoreNginx/src/adservice/build-adservice-Desktop-Default/Makefile&quot;  VERBOSE=1 clean" />
         </MakeCommands>
      </Target>
      <Target title="rebuild_cache">
         <Option working_dir="/Users/guoze.lin/Workspace/guoze.lin/MtCoreNginx/src/adservice/build-adservice-Desktop-Default" />
         <Option type="4" />
         <MakeCommands>
            <Build command="/usr/bin/make -f &quot;/Users/guoze.lin/Workspace/guoze.lin/MtCoreNginx/src/adservice/build-adservice-Desktop-Default/Makefile&quot;  VERBOSE=1 rebuild_cache" />
            <CompileFile command="/usr/bin/make -f &quot;/Users/guoze.lin/Workspace/guoze.lin/MtCoreNginx/src/adservice/build-adservice-Desktop-Default/Makefile&quot;  VERBOSE=1 &quot;$file&quot;" />
            <Clean command="/usr/bin/make -f &quot;/Users/guoze.lin/Workspace/guoze.lin/MtCoreNginx/src/adservice/build-adservice-Desktop-Default/Makefile&quot;  VERBOSE=1 clean" />
            <DistClean command="/usr/bin/make -f &quot;/Users/guoze.lin/Workspace/guoze.lin/MtCoreNginx/src/adservice/build-adservice-Desktop-Default/Makefile&quot;  VERBOSE=1 clean" />
         </MakeCommands>
      </Target>
      <Target title="adservice">
         <Option output="/Users/guoze.lin/Workspace/guoze.lin/MtCoreNginx/src/adservice/build-adservice-Desktop-Default/adservice" prefix_auto="0" extension_auto="0" />
         <Option working_dir="/Users/guoze.lin/Workspace/guoze.lin/MtCoreNginx/src/adservice/build-adservice-Desktop-Default" />
         <Option object_output="./" />
         <Option type="1" />
         <Option compiler="gcc" />
         <Compiler>
            <Add directory="/Library/Developer/CommandLineTools/usr/bin/../include/c++/v1" />
            <Add directory="/Library/Developer/CommandLineTools/usr/bin/../lib/clang/7.3.0/include" />
            <Add directory="/Library/Developer/CommandLineTools/usr/include" />
            <Add directory="/Library/Frameworks" />
            <Add directory="/System/Library/Frameworks" />
            <Add directory="/Users/guoze.lin/Workspace/guoze.lin/MtCoreNginx/src/adservice/adservice/." />
            <Add directory="/Users/guoze.lin/Workspace/guoze.lin/MtCoreNginx/src/adservice/adservice/../../core" />
            <Add directory="/Users/guoze.lin/Workspace/guoze.lin/MtCoreNginx/src/adservice/adservice/../../http" />
            <Add directory="/Users/guoze.lin/Workspace/guoze.lin/MtCoreNginx/src/adservice/adservice/./service" />
            <Add directory="/Users/guoze.lin/Workspace/guoze.lin/homebrew/include" />
            <Add directory="/usr/include" />
            <Add directory="/usr/local/include" />
         </Compiler>
         <MakeCommands>
            <Build command="/usr/bin/make -f &quot;/Users/guoze.lin/Workspace/guoze.lin/MtCoreNginx/src/adservice/build-adservice-Desktop-Default/Makefile&quot;  VERBOSE=1 adservice" />
            <CompileFile command="/usr/bin/make -f &quot;/Users/guoze.lin/Workspace/guoze.lin/MtCoreNginx/src/adservice/build-adservice-Desktop-Default/Makefile&quot;  VERBOSE=1 &quot;$file&quot;" />
            <Clean command="/usr/bin/make -f &quot;/Users/guoze.lin/Workspace/guoze.lin/MtCoreNginx/src/adservice/build-adservice-Desktop-Default/Makefile&quot;  VERBOSE=1 clean" />
            <DistClean command="/usr/bin/make -f &quot;/Users/guoze.lin/Workspace/guoze.lin/MtCoreNginx/src/adservice/build-adservice-Desktop-Default/Makefile&quot;  VERBOSE=1 clean" />
         </MakeCommands>
      </Target>
      <Target title="adservice/fast">
         <Option output="/Users/guoze.lin/Workspace/guoze.lin/MtCoreNginx/src/adservice/build-adservice-Desktop-Default/adservice" prefix_auto="0" extension_auto="0" />
         <Option working_dir="/Users/guoze.lin/Workspace/guoze.lin/MtCoreNginx/src/adservice/build-adservice-Desktop-Default" />
         <Option object_output="./" />
         <Option type="1" />
         <Option compiler="gcc" />
         <Compiler>
            <Add directory="/Library/Developer/CommandLineTools/usr/bin/../include/c++/v1" />
            <Add directory="/Library/Developer/CommandLineTools/usr/bin/../lib/clang/7.3.0/include" />
            <Add directory="/Library/Developer/CommandLineTools/usr/include" />
            <Add directory="/Library/Frameworks" />
            <Add directory="/System/Library/Frameworks" />
            <Add directory="/Users/guoze.lin/Workspace/guoze.lin/MtCoreNginx/src/adservice/adservice/." />
            <Add directory="/Users/guoze.lin/Workspace/guoze.lin/MtCoreNginx/src/adservice/adservice/../../core" />
            <Add directory="/Users/guoze.lin/Workspace/guoze.lin/MtCoreNginx/src/adservice/adservice/../../http" />
            <Add directory="/Users/guoze.lin/Workspace/guoze.lin/MtCoreNginx/src/adservice/adservice/./service" />
            <Add directory="/Users/guoze.lin/Workspace/guoze.lin/homebrew/include" />
            <Add directory="/usr/include" />
            <Add directory="/usr/local/include" />
         </Compiler>
         <MakeCommands>
            <Build command="/usr/bin/make -f &quot;/Users/guoze.lin/Workspace/guoze.lin/MtCoreNginx/src/adservice/build-adservice-Desktop-Default/Makefile&quot;  VERBOSE=1 adservice/fast" />
            <CompileFile command="/usr/bin/make -f &quot;/Users/guoze.lin/Workspace/guoze.lin/MtCoreNginx/src/adservice/build-adservice-Desktop-Default/Makefile&quot;  VERBOSE=1 &quot;$file&quot;" />
            <Clean command="/usr/bin/make -f &quot;/Users/guoze.lin/Workspace/guoze.lin/MtCoreNginx/src/adservice/build-adservice-Desktop-Default/Makefile&quot;  VERBOSE=1 clean" />
            <DistClean command="/usr/bin/make -f &quot;/Users/guoze.lin/Workspace/guoze.lin/MtCoreNginx/src/adservice/build-adservice-Desktop-Default/Makefile&quot;  VERBOSE=1 clean" />
         </MakeCommands>
      </Target>
      </Build>
      <Unit filename="/Users/guoze.lin/Workspace/guoze.lin/MtCoreNginx/src/adservice/adservice/logging.cpp">
         <Option target="adservice"/>
      </Unit>
      <Unit filename="/Users/guoze.lin/Workspace/guoze.lin/MtCoreNginx/src/adservice/adservice/logging.h">
         <Option target="adservice"/>
      </Unit>
      <Unit filename="/Users/guoze.lin/Workspace/guoze.lin/MtCoreNginx/src/adservice/adservice/main.cpp">
         <Option target="adservice"/>
      </Unit>
      <Unit filename="/Users/guoze.lin/Workspace/guoze.lin/MtCoreNginx/src/adservice/adservice/service/core/adselectv2/ad_select_client.cpp">
         <Option target="adservice"/>
      </Unit>
      <Unit filename="/Users/guoze.lin/Workspace/guoze.lin/MtCoreNginx/src/adservice/adservice/service/core/adselectv2/ad_select_client.h">
         <Option target="adservice"/>
      </Unit>
      <Unit filename="/Users/guoze.lin/Workspace/guoze.lin/MtCoreNginx/src/adservice/adservice/service/core/adselectv2/ad_select_interface.cpp">
         <Option target="adservice"/>
      </Unit>
      <Unit filename="/Users/guoze.lin/Workspace/guoze.lin/MtCoreNginx/src/adservice/adservice/service/core/adselectv2/ad_select_interface.h">
         <Option target="adservice"/>
      </Unit>
      <Unit filename="/Users/guoze.lin/Workspace/guoze.lin/MtCoreNginx/src/adservice/adservice/service/core/config_types.cpp">
         <Option target="adservice"/>
      </Unit>
      <Unit filename="/Users/guoze.lin/Workspace/guoze.lin/MtCoreNginx/src/adservice/adservice/service/core/config_types.h">
         <Option target="adservice"/>
      </Unit>
      <Unit filename="/Users/guoze.lin/Workspace/guoze.lin/MtCoreNginx/src/adservice/adservice/service/core/core_executor.cpp">
         <Option target="adservice"/>
      </Unit>
      <Unit filename="/Users/guoze.lin/Workspace/guoze.lin/MtCoreNginx/src/adservice/adservice/service/core/core_executor.h">
         <Option target="adservice"/>
      </Unit>
      <Unit filename="/Users/guoze.lin/Workspace/guoze.lin/MtCoreNginx/src/adservice/adservice/service/core/core_ip_manager.cpp">
         <Option target="adservice"/>
      </Unit>
      <Unit filename="/Users/guoze.lin/Workspace/guoze.lin/MtCoreNginx/src/adservice/adservice/service/core/core_ip_manager.h">
         <Option target="adservice"/>
      </Unit>
      <Unit filename="/Users/guoze.lin/Workspace/guoze.lin/MtCoreNginx/src/adservice/adservice/service/core/core_threadlocal_manager.cpp">
         <Option target="adservice"/>
      </Unit>
      <Unit filename="/Users/guoze.lin/Workspace/guoze.lin/MtCoreNginx/src/adservice/adservice/service/core/core_threadlocal_manager.h">
         <Option target="adservice"/>
      </Unit>
      <Unit filename="/Users/guoze.lin/Workspace/guoze.lin/MtCoreNginx/src/adservice/adservice/service/core/core_typetable.cpp">
         <Option target="adservice"/>
      </Unit>
      <Unit filename="/Users/guoze.lin/Workspace/guoze.lin/MtCoreNginx/src/adservice/adservice/service/core/core_typetable.h">
         <Option target="adservice"/>
      </Unit>
      <Unit filename="/Users/guoze.lin/Workspace/guoze.lin/MtCoreNginx/src/adservice/adservice/service/core/logic/abstract_query_task.cpp">
         <Option target="adservice"/>
      </Unit>
      <Unit filename="/Users/guoze.lin/Workspace/guoze.lin/MtCoreNginx/src/adservice/adservice/service/core/logic/abstract_query_task.h">
         <Option target="adservice"/>
      </Unit>
      <Unit filename="/Users/guoze.lin/Workspace/guoze.lin/MtCoreNginx/src/adservice/adservice/service/core/logic/bid_query_task.cpp">
         <Option target="adservice"/>
      </Unit>
      <Unit filename="/Users/guoze.lin/Workspace/guoze.lin/MtCoreNginx/src/adservice/adservice/service/core/logic/bid_query_task.h">
         <Option target="adservice"/>
      </Unit>
      <Unit filename="/Users/guoze.lin/Workspace/guoze.lin/MtCoreNginx/src/adservice/adservice/service/core/logic/click_query_task.cpp">
         <Option target="adservice"/>
      </Unit>
      <Unit filename="/Users/guoze.lin/Workspace/guoze.lin/MtCoreNginx/src/adservice/adservice/service/core/logic/click_query_task.h">
         <Option target="adservice"/>
      </Unit>
      <Unit filename="/Users/guoze.lin/Workspace/guoze.lin/MtCoreNginx/src/adservice/adservice/service/core/logic/show_query_task.cpp">
         <Option target="adservice"/>
      </Unit>
      <Unit filename="/Users/guoze.lin/Workspace/guoze.lin/MtCoreNginx/src/adservice/adservice/service/core/logic/show_query_task.h">
         <Option target="adservice"/>
      </Unit>
      <Unit filename="/Users/guoze.lin/Workspace/guoze.lin/MtCoreNginx/src/adservice/adservice/service/core/logic/trace_task.cpp">
         <Option target="adservice"/>
      </Unit>
      <Unit filename="/Users/guoze.lin/Workspace/guoze.lin/MtCoreNginx/src/adservice/adservice/service/core/logic/trace_task.h">
         <Option target="adservice"/>
      </Unit>
      <Unit filename="/Users/guoze.lin/Workspace/guoze.lin/MtCoreNginx/src/adservice/adservice/service/core/logpusher/kafka_log_producer.cpp">
         <Option target="adservice"/>
      </Unit>
      <Unit filename="/Users/guoze.lin/Workspace/guoze.lin/MtCoreNginx/src/adservice/adservice/service/core/logpusher/kafka_log_producer.h">
         <Option target="adservice"/>
      </Unit>
      <Unit filename="/Users/guoze.lin/Workspace/guoze.lin/MtCoreNginx/src/adservice/adservice/service/core/logpusher/log_pusher.cpp">
         <Option target="adservice"/>
      </Unit>
      <Unit filename="/Users/guoze.lin/Workspace/guoze.lin/MtCoreNginx/src/adservice/adservice/service/core/logpusher/log_pusher.h">
         <Option target="adservice"/>
      </Unit>
      <Unit filename="/Users/guoze.lin/Workspace/guoze.lin/MtCoreNginx/src/adservice/adservice/service/core/model/source_record.cpp">
         <Option target="adservice"/>
      </Unit>
      <Unit filename="/Users/guoze.lin/Workspace/guoze.lin/MtCoreNginx/src/adservice/adservice/service/core/model/source_record.h">
         <Option target="adservice"/>
      </Unit>
      <Unit filename="/Users/guoze.lin/Workspace/guoze.lin/MtCoreNginx/src/adservice/adservice/service/kafka_checker.cpp">
         <Option target="adservice"/>
      </Unit>
      <Unit filename="/Users/guoze.lin/Workspace/guoze.lin/MtCoreNginx/src/adservice/adservice/service/libutil/AdAcbm.cpp">
         <Option target="adservice"/>
      </Unit>
      <Unit filename="/Users/guoze.lin/Workspace/guoze.lin/MtCoreNginx/src/adservice/adservice/service/libutil/AdAcbm.h">
         <Option target="adservice"/>
      </Unit>
      <Unit filename="/Users/guoze.lin/Workspace/guoze.lin/MtCoreNginx/src/adservice/adservice/service/libutil/AdIpc.cpp">
         <Option target="adservice"/>
      </Unit>
      <Unit filename="/Users/guoze.lin/Workspace/guoze.lin/MtCoreNginx/src/adservice/adservice/service/libutil/AdIpc.h">
         <Option target="adservice"/>
      </Unit>
      <Unit filename="/Users/guoze.lin/Workspace/guoze.lin/MtCoreNginx/src/adservice/adservice/service/libutil/AdMd5.cpp">
         <Option target="adservice"/>
      </Unit>
      <Unit filename="/Users/guoze.lin/Workspace/guoze.lin/MtCoreNginx/src/adservice/adservice/service/libutil/AdMd5.h">
         <Option target="adservice"/>
      </Unit>
      <Unit filename="/Users/guoze.lin/Workspace/guoze.lin/MtCoreNginx/src/adservice/adservice/service/libutil/test/AESPro2.cpp">
         <Option target="adservice"/>
      </Unit>
      <Unit filename="/Users/guoze.lin/Workspace/guoze.lin/MtCoreNginx/src/adservice/adservice/service/libutil/test/md5test.cpp">
         <Option target="adservice"/>
      </Unit>
      <Unit filename="/Users/guoze.lin/Workspace/guoze.lin/MtCoreNginx/src/adservice/adservice/service/protocol/baidu/baidu_bidding.pb.cpp">
         <Option target="adservice"/>
      </Unit>
      <Unit filename="/Users/guoze.lin/Workspace/guoze.lin/MtCoreNginx/src/adservice/adservice/service/protocol/baidu/baidu_bidding_handler.cpp">
         <Option target="adservice"/>
      </Unit>
      <Unit filename="/Users/guoze.lin/Workspace/guoze.lin/MtCoreNginx/src/adservice/adservice/service/protocol/baidu/baidu_bidding_handler.h">
         <Option target="adservice"/>
      </Unit>
      <Unit filename="/Users/guoze.lin/Workspace/guoze.lin/MtCoreNginx/src/adservice/adservice/service/protocol/baidu/baidu_price.cpp">
         <Option target="adservice"/>
      </Unit>
      <Unit filename="/Users/guoze.lin/Workspace/guoze.lin/MtCoreNginx/src/adservice/adservice/service/protocol/baidu/baidu_price.h">
         <Option target="adservice"/>
      </Unit>
      <Unit filename="/Users/guoze.lin/Workspace/guoze.lin/MtCoreNginx/src/adservice/adservice/service/protocol/base/abstract_bidding_handler.cpp">
         <Option target="adservice"/>
      </Unit>
      <Unit filename="/Users/guoze.lin/Workspace/guoze.lin/MtCoreNginx/src/adservice/adservice/service/protocol/base/abstract_bidding_handler.h">
         <Option target="adservice"/>
      </Unit>
      <Unit filename="/Users/guoze.lin/Workspace/guoze.lin/MtCoreNginx/src/adservice/adservice/service/protocol/guangyin/guangyin_bidding.pb.cpp">
         <Option target="adservice"/>
      </Unit>
      <Unit filename="/Users/guoze.lin/Workspace/guoze.lin/MtCoreNginx/src/adservice/adservice/service/protocol/guangyin/guangyin_bidding_handler.cpp">
         <Option target="adservice"/>
      </Unit>
      <Unit filename="/Users/guoze.lin/Workspace/guoze.lin/MtCoreNginx/src/adservice/adservice/service/protocol/guangyin/guangyin_bidding_handler.h">
         <Option target="adservice"/>
      </Unit>
      <Unit filename="/Users/guoze.lin/Workspace/guoze.lin/MtCoreNginx/src/adservice/adservice/service/protocol/guangyin/guangyin_price.cpp">
         <Option target="adservice"/>
      </Unit>
      <Unit filename="/Users/guoze.lin/Workspace/guoze.lin/MtCoreNginx/src/adservice/adservice/service/protocol/guangyin/guangyin_price.h">
         <Option target="adservice"/>
      </Unit>
      <Unit filename="/Users/guoze.lin/Workspace/guoze.lin/MtCoreNginx/src/adservice/adservice/service/protocol/log/logstring.cpp">
         <Option target="adservice"/>
      </Unit>
      <Unit filename="/Users/guoze.lin/Workspace/guoze.lin/MtCoreNginx/src/adservice/adservice/service/protocol/netease/netease_bidding_handlerv2.cpp">
         <Option target="adservice"/>
      </Unit>
      <Unit filename="/Users/guoze.lin/Workspace/guoze.lin/MtCoreNginx/src/adservice/adservice/service/protocol/netease/netease_bidding_handlerv2.h">
         <Option target="adservice"/>
      </Unit>
      <Unit filename="/Users/guoze.lin/Workspace/guoze.lin/MtCoreNginx/src/adservice/adservice/service/protocol/sohu/sohuRTB.pb.cpp">
         <Option target="adservice"/>
      </Unit>
      <Unit filename="/Users/guoze.lin/Workspace/guoze.lin/MtCoreNginx/src/adservice/adservice/service/protocol/sohu/sohu_bidding_handler.cpp">
         <Option target="adservice"/>
      </Unit>
      <Unit filename="/Users/guoze.lin/Workspace/guoze.lin/MtCoreNginx/src/adservice/adservice/service/protocol/sohu/sohu_bidding_handler.h">
         <Option target="adservice"/>
      </Unit>
      <Unit filename="/Users/guoze.lin/Workspace/guoze.lin/MtCoreNginx/src/adservice/adservice/service/protocol/sohu/sohu_price.cpp">
         <Option target="adservice"/>
      </Unit>
      <Unit filename="/Users/guoze.lin/Workspace/guoze.lin/MtCoreNginx/src/adservice/adservice/service/protocol/sohu/sohu_price.h">
         <Option target="adservice"/>
      </Unit>
      <Unit filename="/Users/guoze.lin/Workspace/guoze.lin/MtCoreNginx/src/adservice/adservice/service/protocol/tanx/tanx_bidding.pb.cpp">
         <Option target="adservice"/>
      </Unit>
      <Unit filename="/Users/guoze.lin/Workspace/guoze.lin/MtCoreNginx/src/adservice/adservice/service/protocol/tanx/tanx_bidding_handler.cpp">
         <Option target="adservice"/>
      </Unit>
      <Unit filename="/Users/guoze.lin/Workspace/guoze.lin/MtCoreNginx/src/adservice/adservice/service/protocol/tanx/tanx_bidding_handler.h">
         <Option target="adservice"/>
      </Unit>
      <Unit filename="/Users/guoze.lin/Workspace/guoze.lin/MtCoreNginx/src/adservice/adservice/service/protocol/tanx/tanx_price.cpp">
         <Option target="adservice"/>
      </Unit>
      <Unit filename="/Users/guoze.lin/Workspace/guoze.lin/MtCoreNginx/src/adservice/adservice/service/protocol/tanx/tanx_price.h">
         <Option target="adservice"/>
      </Unit>
      <Unit filename="/Users/guoze.lin/Workspace/guoze.lin/MtCoreNginx/src/adservice/adservice/service/protocol/tencent_gdt/gdt.pb.cpp">
         <Option target="adservice"/>
      </Unit>
      <Unit filename="/Users/guoze.lin/Workspace/guoze.lin/MtCoreNginx/src/adservice/adservice/service/protocol/tencent_gdt/gdt_bidding_handler.cpp">
         <Option target="adservice"/>
      </Unit>
      <Unit filename="/Users/guoze.lin/Workspace/guoze.lin/MtCoreNginx/src/adservice/adservice/service/protocol/tencent_gdt/gdt_bidding_handler.h">
         <Option target="adservice"/>
      </Unit>
      <Unit filename="/Users/guoze.lin/Workspace/guoze.lin/MtCoreNginx/src/adservice/adservice/service/protocol/tencent_gdt/tencent_gdt_price.cpp">
         <Option target="adservice"/>
      </Unit>
      <Unit filename="/Users/guoze.lin/Workspace/guoze.lin/MtCoreNginx/src/adservice/adservice/service/protocol/tencent_gdt/tencent_gdt_price.h">
         <Option target="adservice"/>
      </Unit>
      <Unit filename="/Users/guoze.lin/Workspace/guoze.lin/MtCoreNginx/src/adservice/adservice/service/protocol/youku/youku_bidding_handlerv2.cpp">
         <Option target="adservice"/>
      </Unit>
      <Unit filename="/Users/guoze.lin/Workspace/guoze.lin/MtCoreNginx/src/adservice/adservice/service/protocol/youku/youku_bidding_handlerv2.h">
         <Option target="adservice"/>
      </Unit>
      <Unit filename="/Users/guoze.lin/Workspace/guoze.lin/MtCoreNginx/src/adservice/adservice/service/protocol/youku/youku_price.cpp">
         <Option target="adservice"/>
      </Unit>
      <Unit filename="/Users/guoze.lin/Workspace/guoze.lin/MtCoreNginx/src/adservice/adservice/service/protocol/youku/youku_price.h">
         <Option target="adservice"/>
      </Unit>
      <Unit filename="/Users/guoze.lin/Workspace/guoze.lin/MtCoreNginx/src/adservice/adservice/service/utility/aero_spike.cpp">
         <Option target="adservice"/>
      </Unit>
      <Unit filename="/Users/guoze.lin/Workspace/guoze.lin/MtCoreNginx/src/adservice/adservice/service/utility/aero_spike.h">
         <Option target="adservice"/>
      </Unit>
      <Unit filename="/Users/guoze.lin/Workspace/guoze.lin/MtCoreNginx/src/adservice/adservice/service/utility/cypher.cpp">
         <Option target="adservice"/>
      </Unit>
      <Unit filename="/Users/guoze.lin/Workspace/guoze.lin/MtCoreNginx/src/adservice/adservice/service/utility/cypher.h">
         <Option target="adservice"/>
      </Unit>
      <Unit filename="/Users/guoze.lin/Workspace/guoze.lin/MtCoreNginx/src/adservice/adservice/service/utility/escape.cpp">
         <Option target="adservice"/>
      </Unit>
      <Unit filename="/Users/guoze.lin/Workspace/guoze.lin/MtCoreNginx/src/adservice/adservice/service/utility/escape.h">
         <Option target="adservice"/>
      </Unit>
      <Unit filename="/Users/guoze.lin/Workspace/guoze.lin/MtCoreNginx/src/adservice/adservice/service/utility/file.cpp">
         <Option target="adservice"/>
      </Unit>
      <Unit filename="/Users/guoze.lin/Workspace/guoze.lin/MtCoreNginx/src/adservice/adservice/service/utility/file.h">
         <Option target="adservice"/>
      </Unit>
      <Unit filename="/Users/guoze.lin/Workspace/guoze.lin/MtCoreNginx/src/adservice/adservice/service/utility/hash.cpp">
         <Option target="adservice"/>
      </Unit>
      <Unit filename="/Users/guoze.lin/Workspace/guoze.lin/MtCoreNginx/src/adservice/adservice/service/utility/hash.h">
         <Option target="adservice"/>
      </Unit>
      <Unit filename="/Users/guoze.lin/Workspace/guoze.lin/MtCoreNginx/src/adservice/adservice/service/utility/http.cpp">
         <Option target="adservice"/>
      </Unit>
      <Unit filename="/Users/guoze.lin/Workspace/guoze.lin/MtCoreNginx/src/adservice/adservice/service/utility/http.h">
         <Option target="adservice"/>
      </Unit>
      <Unit filename="/Users/guoze.lin/Workspace/guoze.lin/MtCoreNginx/src/adservice/adservice/service/utility/json.cpp">
         <Option target="adservice"/>
      </Unit>
      <Unit filename="/Users/guoze.lin/Workspace/guoze.lin/MtCoreNginx/src/adservice/adservice/service/utility/json.h">
         <Option target="adservice"/>
      </Unit>
      <Unit filename="/Users/guoze.lin/Workspace/guoze.lin/MtCoreNginx/src/adservice/adservice/service/utility/memory.cpp">
         <Option target="adservice"/>
      </Unit>
      <Unit filename="/Users/guoze.lin/Workspace/guoze.lin/MtCoreNginx/src/adservice/adservice/service/utility/mttytime.cpp">
         <Option target="adservice"/>
      </Unit>
      <Unit filename="/Users/guoze.lin/Workspace/guoze.lin/MtCoreNginx/src/adservice/adservice/service/utility/mttytime.h">
         <Option target="adservice"/>
      </Unit>
      <Unit filename="/Users/guoze.lin/Workspace/guoze.lin/MtCoreNginx/src/adservice/adservice/service/utility/random.cpp">
         <Option target="adservice"/>
      </Unit>
      <Unit filename="/Users/guoze.lin/Workspace/guoze.lin/MtCoreNginx/src/adservice/adservice/service/utility/url.cpp">
         <Option target="adservice"/>
      </Unit>
      <Unit filename="/Users/guoze.lin/Workspace/guoze.lin/MtCoreNginx/src/adservice/adservice/service/utility/url.h">
         <Option target="adservice"/>
      </Unit>
      <Unit filename="/Users/guoze.lin/Workspace/guoze.lin/MtCoreNginx/src/adservice/adservice/service/utility/userclient.cpp">
         <Option target="adservice"/>
      </Unit>
      <Unit filename="/Users/guoze.lin/Workspace/guoze.lin/MtCoreNginx/src/adservice/adservice/service/utility/userclient.h">
         <Option target="adservice"/>
      </Unit>
      <Unit filename="/Users/guoze.lin/Workspace/guoze.lin/MtCoreNginx/src/adservice/adservice/CMakeLists.txt">
          <Option virtualFolder="CMake Files\" />
      </Unit>
   </Project>
</CodeBlocks_project_file>
